// !$*UTF8*$!
{
	archiveVersion = 1;
	classes = {
	};
	objectVersion = 50;
	objects = {

/* Begin PBXBuildFile section */
		84327C45239C142F0027BFFB /* AppDelegate.swift in Sources */ = {isa = PBXBuildFile; fileRef = 84327C44239C142F0027BFFB /* AppDelegate.swift */; };
		84327C47239C142F0027BFFB /* GameScene.sks in Resources */ = {isa = PBXBuildFile; fileRef = 84327C46239C142F0027BFFB /* GameScene.sks */; };
		84327C49239C142F0027BFFB /* Actions.sks in Resources */ = {isa = PBXBuildFile; fileRef = 84327C48239C142F0027BFFB /* Actions.sks */; };
		84327C4B239C142F0027BFFB /* GameScene.swift in Sources */ = {isa = PBXBuildFile; fileRef = 84327C4A239C142F0027BFFB /* GameScene.swift */; };
		84327C4D239C142F0027BFFB /* GameViewController.swift in Sources */ = {isa = PBXBuildFile; fileRef = 84327C4C239C142F0027BFFB /* GameViewController.swift */; };
		84327C50239C142F0027BFFB /* Main.storyboard in Resources */ = {isa = PBXBuildFile; fileRef = 84327C4E239C142F0027BFFB /* Main.storyboard */; };
		84327C52239C14310027BFFB /* Assets.xcassets in Resources */ = {isa = PBXBuildFile; fileRef = 84327C51239C14310027BFFB /* Assets.xcassets */; };
		84327C55239C14310027BFFB /* LaunchScreen.storyboard in Resources */ = {isa = PBXBuildFile; fileRef = 84327C53239C14310027BFFB /* LaunchScreen.storyboard */; };
		84327C5D239C33DA0027BFFB /* GameOverScene.swift in Sources */ = {isa = PBXBuildFile; fileRef = 84327C5C239C33DA0027BFFB /* GameOverScene.swift */; };
		84327C5F239C3BED0027BFFB /* GameStartScene.swift in Sources */ = {isa = PBXBuildFile; fileRef = 84327C5E239C3BED0027BFFB /* GameStartScene.swift */; };
/* End PBXBuildFile section */

/* Begin PBXFileReference section */
		84327C41239C142F0027BFFB /* Endgame.app */ = {isa = PBXFileReference; explicitFileType = wrapper.application; includeInIndex = 0; path = Endgame.app; sourceTree = BUILT_PRODUCTS_DIR; };
		84327C44239C142F0027BFFB /* AppDelegate.swift */ = {isa = PBXFileReference; lastKnownFileType = sourcecode.swift; path = AppDelegate.swift; sourceTree = "<group>"; };
		84327C46239C142F0027BFFB /* GameScene.sks */ = {isa = PBXFileReference; lastKnownFileType = file.sks; path = GameScene.sks; sourceTree = "<group>"; };
		84327C48239C142F0027BFFB /* Actions.sks */ = {isa = PBXFileReference; lastKnownFileType = file.sks; path = Actions.sks; sourceTree = "<group>"; };
		84327C4A239C142F0027BFFB /* GameScene.swift */ = {isa = PBXFileReference; lastKnownFileType = sourcecode.swift; path = GameScene.swift; sourceTree = "<group>"; };
		84327C4C239C142F0027BFFB /* GameViewController.swift */ = {isa = PBXFileReference; lastKnownFileType = sourcecode.swift; path = GameViewController.swift; sourceTree = "<group>"; };
		84327C4F239C142F0027BFFB /* Base */ = {isa = PBXFileReference; lastKnownFileType = file.storyboard; name = Base; path = Base.lproj/Main.storyboard; sourceTree = "<group>"; };
		84327C51239C14310027BFFB /* Assets.xcassets */ = {isa = PBXFileReference; lastKnownFileType = folder.assetcatalog; path = Assets.xcassets; sourceTree = "<group>"; };
		84327C54239C14310027BFFB /* Base */ = {isa = PBXFileReference; lastKnownFileType = file.storyboard; name = Base; path = Base.lproj/LaunchScreen.storyboard; sourceTree = "<group>"; };
		84327C56239C14310027BFFB /* Info.plist */ = {isa = PBXFileReference; lastKnownFileType = text.plist.xml; path = Info.plist; sourceTree = "<group>"; };
		84327C5C239C33DA0027BFFB /* GameOverScene.swift */ = {isa = PBXFileReference; lastKnownFileType = sourcecode.swift; path = GameOverScene.swift; sourceTree = "<group>"; };
		84327C5E239C3BED0027BFFB /* GameStartScene.swift */ = {isa = PBXFileReference; lastKnownFileType = sourcecode.swift; path = GameStartScene.swift; sourceTree = "<group>"; };
/* End PBXFileReference section */

/* Begin PBXFrameworksBuildPhase section */
		84327C3E239C142F0027BFFB /* Frameworks */ = {
			isa = PBXFrameworksBuildPhase;
			buildActionMask = 2147483647;
			files = (
			);
			runOnlyForDeploymentPostprocessing = 0;
		};
/* End PBXFrameworksBuildPhase section */

/* Begin PBXGroup section */
		84327C38239C142F0027BFFB = {
			isa = PBXGroup;
			children = (
				84327C43239C142F0027BFFB /* Endgame */,
				84327C42239C142F0027BFFB /* Products */,
			);
			sourceTree = "<group>";
		};
		84327C42239C142F0027BFFB /* Products */ = {
			isa = PBXGroup;
			children = (
				84327C41239C142F0027BFFB /* Endgame.app */,
			);
			name = Products;
			sourceTree = "<group>";
		};
		84327C43239C142F0027BFFB /* Endgame */ = {
			isa = PBXGroup;
			children = (
				84327C44239C142F0027BFFB /* AppDelegate.swift */,
				84327C46239C142F0027BFFB /* GameScene.sks */,
				84327C48239C142F0027BFFB /* Actions.sks */,
				84327C5C239C33DA0027BFFB /* GameOverScene.swift */,
				84327C5E239C3BED0027BFFB /* GameStartScene.swift */,
				84327C4A239C142F0027BFFB /* GameScene.swift */,
				84327C4C239C142F0027BFFB /* GameViewController.swift */,
				84327C4E239C142F0027BFFB /* Main.storyboard */,
				84327C51239C14310027BFFB /* Assets.xcassets */,
				84327C53239C14310027BFFB /* LaunchScreen.storyboard */,
				84327C56239C14310027BFFB /* Info.plist */,
			);
			path = Endgame;
			sourceTree = "<group>";
		};
/* End PBXGroup section */

/* Begin PBXNativeTarget section */
		84327C40239C142F0027BFFB /* Endgame */ = {
			isa = PBXNativeTarget;
			buildConfigurationList = 84327C59239C14310027BFFB /* Build configuration list for PBXNativeTarget "Endgame" */;
			buildPhases = (
				84327C3D239C142F0027BFFB /* Sources */,
				84327C3E239C142F0027BFFB /* Frameworks */,
				84327C3F239C142F0027BFFB /* Resources */,
			);
			buildRules = (
			);
			dependencies = (
			);
			name = Endgame;
			productName = Endgame;
			productReference = 84327C41239C142F0027BFFB /* Endgame.app */;
			productType = "com.apple.product-type.application";
		};
/* End PBXNativeTarget section */

/* Begin PBXProject section */
		84327C39239C142F0027BFFB /* Project object */ = {
			isa = PBXProject;
			attributes = {
				LastSwiftUpdateCheck = 1120;
				LastUpgradeCheck = 1120;
				ORGANIZATIONNAME = "Bo Yan";
				TargetAttributes = {
					84327C40239C142F0027BFFB = {
						CreatedOnToolsVersion = 11.2.1;
					};
				};
			};
			buildConfigurationList = 84327C3C239C142F0027BFFB /* Build configuration list for PBXProject "Endgame" */;
			compatibilityVersion = "Xcode 9.3";
			developmentRegion = en;
			hasScannedForEncodings = 0;
			knownRegions = (
				en,
				Base,
			);
			mainGroup = 84327C38239C142F0027BFFB;
			productRefGroup = 84327C42239C142F0027BFFB /* Products */;
			projectDirPath = "";
			projectRoot = "";
			targets = (
				84327C40239C142F0027BFFB /* Endgame */,
			);
		};
/* End PBXProject section */

/* Begin PBXResourcesBuildPhase section */
		84327C3F239C142F0027BFFB /* Resources */ = {
			isa = PBXResourcesBuildPhase;
			buildActionMask = 2147483647;
			files = (
				84327C50239C142F0027BFFB /* Main.storyboard in Resources */,
				84327C47239C142F0027BFFB /* GameScene.sks in Resources */,
				84327C52239C14310027BFFB /* Assets.xcassets in Resources */,
				84327C55239C14310027BFFB /* LaunchScreen.storyboard in Resources */,
				84327C49239C142F0027BFFB /* Actions.sks in Resources */,
			);
			runOnlyForDeploymentPostprocessing = 0;
		};
/* End PBXResourcesBuildPhase section */

/* Begin PBXSourcesBuildPhase section */
		84327C3D239C142F0027BFFB /* Sources */ = {
			isa = PBXSourcesBuildPhase;
			buildActionMask = 2147483647;
			files = (
				84327C5F239C3BED0027BFFB /* GameStartScene.swift in Sources */,
				84327C4B239C142F0027BFFB /* GameScene.swift in Sources */,
				84327C4D239C142F0027BFFB /* GameViewController.swift in Sources */,
				84327C5D239C33DA0027BFFB /* GameOverScene.swift in Sources */,
				84327C45239C142F0027BFFB /* AppDelegate.swift in Sources */,
			);
			runOnlyForDeploymentPostprocessing = 0;
		};
/* End PBXSourcesBuildPhase section */

/* Begin PBXVariantGroup section */
		84327C4E239C142F0027BFFB /* Main.storyboard */ = {
			isa = PBXVariantGroup;
			children = (
				84327C4F239C142F0027BFFB /* Base */,
			);
			name = Main.storyboard;
			sourceTree = "<group>";
		};
		84327C53239C14310027BFFB /* LaunchScreen.storyboard */ = {
			isa = PBXVariantGroup;
			children = (
				84327C54239C14310027BFFB /* Base */,
			);
			name = LaunchScreen.storyboard;
			sourceTree = "<group>";
		};
/* End PBXVariantGroup section */

/* Begin XCBuildConfiguration section */
		84327C57239C14310027BFFB /* Debug */ = {
			isa = XCBuildConfiguration;
			buildSettings = {
				ALWAYS_SEARCH_USER_PATHS = NO;
				CLANG_ANALYZER_NONNULL = YES;
				CLANG_ANALYZER_NUMBER_OBJECT_CONVERSION = YES_AGGRESSIVE;
				CLANG_CXX_LANGUAGE_STANDARD = "gnu++14";
				CLANG_CXX_LIBRARY = "libc++";
				CLANG_ENABLE_MODULES = YES;
				CLANG_ENABLE_OBJC_ARC = YES;
				CLANG_ENABLE_OBJC_WEAK = YES;
				CLANG_WARN_BLOCK_CAPTURE_AUTORELEASING = YES;
				CLANG_WARN_BOOL_CONVERSION = YES;
				CLANG_WARN_COMMA = YES;
				CLANG_WARN_CONSTANT_CONVERSION = YES;
				CLANG_WARN_DEPRECATED_OBJC_IMPLEMENTATIONS = YES;
				CLANG_WARN_DIRECT_OBJC_ISA_USAGE = YES_ERROR;
				CLANG_WARN_DOCUMENTATION_COMMENTS = YES;
				CLANG_WARN_EMPTY_BODY = YES;
				CLANG_WARN_ENUM_CONVERSION = YES;
				CLANG_WARN_INFINITE_RECURSION = YES;
				CLANG_WARN_INT_CONVERSION = YES;
				CLANG_WARN_NON_LITERAL_NULL_CONVERSION = YES;
				CLANG_WARN_OBJC_IMPLICIT_RETAIN_SELF = YES;
				CLANG_WARN_OBJC_LITERAL_CONVERSION = YES;
				CLANG_WARN_OBJC_ROOT_CLASS = YES_ERROR;
				CLANG_WARN_RANGE_LOOP_ANALYSIS = YES;
				CLANG_WARN_STRICT_PROTOTYPES = YES;
				CLANG_WARN_SUSPICIOUS_MOVE = YES;
				CLANG_WARN_UNGUARDED_AVAILABILITY = YES_AGGRESSIVE;
				CLANG_WARN_UNREACHABLE_CODE = YES;
				CLANG_WARN__DUPLICATE_METHOD_MATCH = YES;
				COPY_PHASE_STRIP = NO;
				DEBUG_INFORMATION_FORMAT = dwarf;
				ENABLE_STRICT_OBJC_MSGSEND = YES;
				ENABLE_TESTABILITY = YES;
				GCC_C_LANGUAGE_STANDARD = gnu11;
				GCC_DYNAMIC_NO_PIC = NO;
				GCC_NO_COMMON_BLOCKS = YES;
				GCC_OPTIMIZATION_LEVEL = 0;
				GCC_PREPROCESSOR_DEFINITIONS = (
					"DEBUG=1",
					"$(inherited)",
				);
				GCC_WARN_64_TO_32_BIT_CONVERSION = YES;
				GCC_WARN_ABOUT_RETURN_TYPE = YES_ERROR;
				GCC_WARN_UNDECLARED_SELECTOR = YES;
				GCC_WARN_UNINITIALIZED_AUTOS = YES_AGGRESSIVE;
				GCC_WARN_UNUSED_FUNCTION = YES;
				GCC_WARN_UNUSED_VARIABLE = YES;
				IPHONEOS_DEPLOYMENT_TARGET = 13.2;
				MTL_ENABLE_DEBUG_INFO = INCLUDE_SOURCE;
				MTL_FAST_MATH = YES;
				ONLY_ACTIVE_ARCH = YES;
				SDKROOT = iphoneos;
				SWIFT_ACTIVE_COMPILATION_CONDITIONS = DEBUG;
				SWIFT_OPTIMIZATION_LEVEL = "-Onone";
			};
			name = Debug;
		};
		84327C58239C14310027BFFB /* Release */ = {
			isa = XCBuildConfiguration;
			buildSettings = {
				ALWAYS_SEARCH_USER_PATHS = NO;
				CLANG_ANALYZER_NONNULL = YES;
				CLANG_ANALYZER_NUMBER_OBJECT_CONVERSION = YES_AGGRESSIVE;
				CLANG_CXX_LANGUAGE_STANDARD = "gnu++14";
				CLANG_CXX_LIBRARY = "libc++";
				CLANG_ENABLE_MODULES = YES;
				CLANG_ENABLE_OBJC_ARC = YES;
				CLANG_ENABLE_OBJC_WEAK = YES;
				CLANG_WARN_BLOCK_CAPTURE_AUTORELEASING = YES;
				CLANG_WARN_BOOL_CONVERSION = YES;
				CLANG_WARN_COMMA = YES;
				CLANG_WARN_CONSTANT_CONVERSION = YES;
				CLANG_WARN_DEPRECATED_OBJC_IMPLEMENTATIONS = YES;
				CLANG_WARN_DIRECT_OBJC_ISA_USAGE = YES_ERROR;
				CLANG_WARN_DOCUMENTATION_COMMENTS = YES;
				CLANG_WARN_EMPTY_BODY = YES;
				CLANG_WARN_ENUM_CONVERSION = YES;
				CLANG_WARN_INFINITE_RECURSION = YES;
				CLANG_WARN_INT_CONVERSION = YES;
				CLANG_WARN_NON_LITERAL_NULL_CONVERSION = YES;
				CLANG_WARN_OBJC_IMPLICIT_RETAIN_SELF = YES;
				CLANG_WARN_OBJC_LITERAL_CONVERSION = YES;
				CLANG_WARN_OBJC_ROOT_CLASS = YES_ERROR;
				CLANG_WARN_RANGE_LOOP_ANALYSIS = YES;
				CLANG_WARN_STRICT_PROTOTYPES = YES;
				CLANG_WARN_SUSPICIOUS_MOVE = YES;
				CLANG_WARN_UNGUARDED_AVAILABILITY = YES_AGGRESSIVE;
				CLANG_WARN_UNREACHABLE_CODE = YES;
				CLANG_WARN__DUPLICATE_METHOD_MATCH = YES;
				COPY_PHASE_STRIP = NO;
				DEBUG_INFORMATION_FORMAT = "dwarf-with-dsym";
				ENABLE_NS_ASSERTIONS = NO;
				ENABLE_STRICT_OBJC_MSGSEND = YES;
				GCC_C_LANGUAGE_STANDARD = gnu11;
				GCC_NO_COMMON_BLOCKS = YES;
				GCC_WARN_64_TO_32_BIT_CONVERSION = YES;
				GCC_WARN_ABOUT_RETURN_TYPE = YES_ERROR;
				GCC_WARN_UNDECLARED_SELECTOR = YES;
				GCC_WARN_UNINITIALIZED_AUTOS = YES_AGGRESSIVE;
				GCC_WARN_UNUSED_FUNCTION = YES;
				GCC_WARN_UNUSED_VARIABLE = YES;
				IPHONEOS_DEPLOYMENT_TARGET = 13.2;
				MTL_ENABLE_DEBUG_INFO = NO;
				MTL_FAST_MATH = YES;
				SDKROOT = iphoneos;
				SWIFT_COMPILATION_MODE = wholemodule;
				SWIFT_OPTIMIZATION_LEVEL = "-O";
				VALIDATE_PRODUCT = YES;
			};
			name = Release;
		};
		84327C5A239C14310027BFFB /* Debug */ = {
			isa = XCBuildConfiguration;
			buildSettings = {
				ASSETCATALOG_COMPILER_APPICON_NAME = AppIcon;
				CODE_SIGN_STYLE = Automatic;
				DEVELOPMENT_TEAM = 782KMWL3WL;
				INFOPLIST_FILE = Endgame/Info.plist;
				IPHONEOS_DEPLOYMENT_TARGET = 13.1;
				LD_RUNPATH_SEARCH_PATHS = (
					"$(inherited)",
					"@executable_path/Frameworks",
				);
				PRODUCT_BUNDLE_IDENTIFIER = com.byan.Endgame;
				PRODUCT_NAME = "$(TARGET_NAME)";
				SWIFT_VERSION = 5.0;
				TARGETED_DEVICE_FAMILY = "1,2";
			};
			name = Debug;
		};
		84327C5B239C14310027BFFB /* Release */ = {
			isa = XCBuildConfiguration;
			buildSettings = {
				ASSETCATALOG_COMPILER_APPICON_NAME = AppIcon;
				CODE_SIGN_STYLE = Automatic;
				DEVELOPMENT_TEAM = 782KMWL3WL;
				INFOPLIST_FILE = Endgame/Info.plist;
				IPHONEOS_DEPLOYMENT_TARGET = 13.1;
				LD_RUNPATH_SEARCH_PATHS = (
					"$(inherited)",
					"@executable_path/Frameworks",
				);
				PRODUCT_BUNDLE_IDENTIFIER = com.byan.Endgame;
				PRODUCT_NAME = "$(TARGET_NAME)";
				SWIFT_VERSION = 5.0;
				TARGETED_DEVICE_FAMILY = "1,2";
			};
			name = Release;
		};
/* End XCBuildConfiguration section */

/* Begin XCConfigurationList section */
		84327C3C239C142F0027BFFB /* Build configuration list for PBXProject "Endgame" */ = {
			isa = XCConfigurationList;
			buildConfigurations = (
				84327C57239C14310027BFFB /* Debug */,
				84327C58239C14310027BFFB /* Release */,
			);
			defaultConfigurationIsVisible = 0;
			defaultConfigurationName = Release;
		};
		84327C59239C14310027BFFB /* Build configuration list for PBXNativeTarget "Endgame" */ = {
			isa = XCConfigurationList;
			buildConfigurations = (
				84327C5A239C14310027BFFB /* Debug */,
				84327C5B239C14310027BFFB /* Release */,
			);
			defaultConfigurationIsVisible = 0;
			defaultConfigurationName = Release;
		};
/* End XCConfigurationList section */
	};
	rootObject = 84327C39239C142F0027BFFB /* Project object */;
}
